
Microsoft Visual Studio Solution File, Format Version 12.00
# Visual Studio Version 17
VisualStudioVersion = 17.0.32112.339
MinimumVisualStudioVersion = 10.0.40219.1
Project("{FAE04EC0-301F-11D3-BF4B-00C04F79EFBC}") = "TheFetcher", "TheFetcher\TheFetcher.csproj", "{D6B39AA2-3D73-471B-8525-186FFE60BC3D}"
EndProject
Project("{FAE04EC0-301F-11D3-BF4B-00C04F79EFBC}") = "TheFetcherConsoleTest", "TheFetcherTest\TheFetcherConsoleTest.csproj", "{398F0D80-135B-441C-AE0E-93D6CD2D3C8B}"
EndProject
Global
	GlobalSection(SolutionConfigurationPlatforms) = preSolution
		Debug|Any CPU = Debug|Any CPU
		Release|Any CPU = Release|Any CPU
	EndGlobalSection
	GlobalSection(ProjectConfigurationPlatforms) = postSolution
		{D6B39AA2-3D73-471B-8525-186FFE60BC3D}.Debug|Any CPU.ActiveCfg = Debug|Any CPU
		{D6B39AA2-3D73-471B-8525-186FFE60BC3D}.Debug|Any CPU.Build.0 = Debug|Any CPU
		{D6B39AA2-3D73-471B-8525-186FFE60BC3D}.Release|Any CPU.ActiveCfg = Release|Any CPU
		{D6B39AA2-3D73-471B-8525-186FFE60BC3D}.Release|Any CPU.Build.0 = Release|Any CPU
		{398F0D80-135B-441C-AE0E-93D6CD2D3C8B}.Debug|Any CPU.ActiveCfg = Debug|Any CPU
		{398F0D80-135B-441C-AE0E-93D6CD2D3C8B}.Debug|Any CPU.Build.0 = Debug|Any CPU
		{398F0D80-135B-441C-AE0E-93D6CD2D3C8B}.Release|Any CPU.ActiveCfg = Release|Any CPU
		{398F0D80-135B-441C-AE0E-93D6CD2D3C8B}.Release|Any CPU.Build.0 = Release|Any CPU
	EndGlobalSection
	GlobalSection(SolutionProperties) = preSolution
		HideSolutionNode = FALSE
	EndGlobalSection
	GlobalSection(ExtensibilityGlobals) = postSolution
		SolutionGuid = {0C364E7D-84CD-47DB-8067-08F36BC83DA2}
	EndGlobalSection
EndGlobal
